
Microsoft Visual Studio Solution File, Format Version 12.00
# Visual Studio Version 16
VisualStudioVersion = 16.0.31321.278
MinimumVisualStudioVersion = 10.0.40219.1
Project("{FAE04EC0-301F-11D3-BF4B-00C04F79EFBC}") = "DDW.ReflectionSerialization", "DDW.ReflectionSerialization\DDW.ReflectionSerialization.csproj", "{A59D8B6C-647F-4EA3-B191-027018E359DC}"
EndProject
Global
	GlobalSection(SolutionConfigurationPlatforms) = preSolution
		Debug|Any CPU = Debug|Any CPU
		Release|Any CPU = Release|Any CPU
	EndGlobalSection
	GlobalSection(ProjectConfigurationPlatforms) = postSolution
		{A59D8B6C-647F-4EA3-B191-027018E359DC}.Debug|Any CPU.ActiveCfg = Debug|Any CPU
		{A59D8B6C-647F-4EA3-B191-027018E359DC}.Debug|Any CPU.Build.0 = Debug|Any CPU
		{A59D8B6C-647F-4EA3-B191-027018E359DC}.Release|Any CPU.ActiveCfg = Release|Any CPU
		{A59D8B6C-647F-4EA3-B191-027018E359DC}.Release|Any CPU.Build.0 = Release|Any CPU
	EndGlobalSection
	GlobalSection(SolutionProperties) = preSolution
		HideSolutionNode = FALSE
	EndGlobalSection
	GlobalSection(ExtensibilityGlobals) = postSolution
		SolutionGuid = {50149063-B12B-4C10-90D1-1177DB0D48CF}
	EndGlobalSection
EndGlobal
